
Microsoft Visual Studio Solution File, Format Version 12.00
# Visual Studio Version 16
VisualStudioVersion = 16.0.31410.357
MinimumVisualStudioVersion = 10.0.40219.1
Project("{FAE04EC0-301F-11D3-BF4B-00C04F79EFBC}") = "CoreServices", "CoreServices.csproj", "{80E311FB-6014-430B-BB55-79772685124D}"
EndProject
Global
	GlobalSection(SolutionConfigurationPlatforms) = preSolution
		Debug|Any CPU = Debug|Any CPU
		Release|Any CPU = Release|Any CPU
	EndGlobalSection
	GlobalSection(ProjectConfigurationPlatforms) = postSolution
		{80E311FB-6014-430B-BB55-79772685124D}.Debug|Any CPU.ActiveCfg = Debug|Any CPU
		{80E311FB-6014-430B-BB55-79772685124D}.Debug|Any CPU.Build.0 = Debug|Any CPU
		{80E311FB-6014-430B-BB55-79772685124D}.Release|Any CPU.ActiveCfg = Release|Any CPU
		{80E311FB-6014-430B-BB55-79772685124D}.Release|Any CPU.Build.0 = Release|Any CPU
	EndGlobalSection
	GlobalSection(SolutionProperties) = preSolution
		HideSolutionNode = FALSE
	EndGlobalSection
	GlobalSection(ExtensibilityGlobals) = postSolution
		SolutionGuid = {E42E949B-62F3-4592-984C-862F6B17BDAA}
	EndGlobalSection
EndGlobal
