
Microsoft Visual Studio Solution File, Format Version 12.00
# Visual Studio Version 16
VisualStudioVersion = 16.0.31410.357
MinimumVisualStudioVersion = 10.0.40219.1
Project("{9A19103F-16F7-4668-BE54-9A1E7A4F7556}") = "CoreServices", "CoreServices.csproj", "{80E311FB-6014-430B-BB55-79772685124D}"
EndProject
Project("{FAE04EC0-301F-11D3-BF4B-00C04F79EFBC}") = "CoreServices.Test", "..\CoreServices.Test\CoreServices.Test.csproj", "{EE86347A-816F-44F4-A5B1-455C8DB1B8B4}"
EndProject
Global
	GlobalSection(SolutionConfigurationPlatforms) = preSolution
		Debug|Any CPU = Debug|Any CPU
		Release|Any CPU = Release|Any CPU
	EndGlobalSection
	GlobalSection(ProjectConfigurationPlatforms) = postSolution
		{80E311FB-6014-430B-BB55-79772685124D}.Debug|Any CPU.ActiveCfg = Debug|Any CPU
		{80E311FB-6014-430B-BB55-79772685124D}.Debug|Any CPU.Build.0 = Debug|Any CPU
		{80E311FB-6014-430B-BB55-79772685124D}.Release|Any CPU.ActiveCfg = Release|Any CPU
		{80E311FB-6014-430B-BB55-79772685124D}.Release|Any CPU.Build.0 = Release|Any CPU
		{EE86347A-816F-44F4-A5B1-455C8DB1B8B4}.Debug|Any CPU.ActiveCfg = Debug|Any CPU
		{EE86347A-816F-44F4-A5B1-455C8DB1B8B4}.Debug|Any CPU.Build.0 = Debug|Any CPU
		{EE86347A-816F-44F4-A5B1-455C8DB1B8B4}.Release|Any CPU.ActiveCfg = Release|Any CPU
		{EE86347A-816F-44F4-A5B1-455C8DB1B8B4}.Release|Any CPU.Build.0 = Release|Any CPU
	EndGlobalSection
	GlobalSection(SolutionProperties) = preSolution
		HideSolutionNode = FALSE
	EndGlobalSection
	GlobalSection(ExtensibilityGlobals) = postSolution
		SolutionGuid = {E42E949B-62F3-4592-984C-862F6B17BDAA}
	EndGlobalSection
EndGlobal
